
Microsoft Visual Studio Solution File, Format Version 12.00
# Visual Studio Version 17
VisualStudioVersion = 17.2.32317.152
MinimumVisualStudioVersion = 10.0.40219.1
Project("{FAE04EC0-301F-11D3-BF4B-00C04F79EFBC}") = "HeadPat", "HeadPat\HeadPat.csproj", "{3ADD4240-347D-49CF-B178-728495E467F4}"
EndProject
Project("{FAE04EC0-301F-11D3-BF4B-00C04F79EFBC}") = "HeadPat.NET", "HeadPat.NET\HeadPat.NET.csproj", "{6A17FF8F-349E-4AA8-98A8-C6CBA26F98D8}"
EndProject
Global
	GlobalSection(SolutionConfigurationPlatforms) = preSolution
		Debug|Any CPU = Debug|Any CPU
		Release|Any CPU = Release|Any CPU
	EndGlobalSection
	GlobalSection(ProjectConfigurationPlatforms) = postSolution
		{3ADD4240-347D-49CF-B178-728495E467F4}.Debug|Any CPU.ActiveCfg = Debug|Any CPU
		{3ADD4240-347D-49CF-B178-728495E467F4}.Debug|Any CPU.Build.0 = Debug|Any CPU
		{3ADD4240-347D-49CF-B178-728495E467F4}.Release|Any CPU.ActiveCfg = Release|Any CPU
		{3ADD4240-347D-49CF-B178-728495E467F4}.Release|Any CPU.Build.0 = Release|Any CPU
		{6A17FF8F-349E-4AA8-98A8-C6CBA26F98D8}.Debug|Any CPU.ActiveCfg = Debug|Any CPU
		{6A17FF8F-349E-4AA8-98A8-C6CBA26F98D8}.Debug|Any CPU.Build.0 = Debug|Any CPU
		{6A17FF8F-349E-4AA8-98A8-C6CBA26F98D8}.Release|Any CPU.ActiveCfg = Release|Any CPU
		{6A17FF8F-349E-4AA8-98A8-C6CBA26F98D8}.Release|Any CPU.Build.0 = Release|Any CPU
	EndGlobalSection
	GlobalSection(SolutionProperties) = preSolution
		HideSolutionNode = FALSE
	EndGlobalSection
	GlobalSection(ExtensibilityGlobals) = postSolution
		SolutionGuid = {605773D0-B36A-40C1-9BE9-744C0B30A5A9}
	EndGlobalSection
EndGlobal
